PODS:
  - AppCenter (4.0.0):
    - AppCenter/Analytics (= 4.0.0)
    - AppCenter/Crashes (= 4.0.0)
  - AppCenter/Analytics (4.0.0):
    - AppCenter/Core
  - AppCenter/Core (4.0.0)
  - AppCenter/Crashes (4.0.0):
    - AppCenter/Core
  - Files (4.0.2)
  - ReSwift (5.0.0)
  - Sparkle (2.0.0)
  - Starscream (4.0.4)
  - Swifter (1.5.0)
  - SwiftGui (0.9.2)
  - Zip (1.1.0)

DEPENDENCIES:
  - AppCenter (~> 4.0.0)
  - Files (~> 4.0.2)
  - ReSwift (~> 5.0.0)
  - Sparkle (~> 2.0.0)
  - Starscream (~> 4.0.4)
  - Swifter (~> 1.5.0)
  - SwiftGui (~> 0.9.2)
  - Zip (~> 1.1.0)

SPEC REPOS:
  trunk:
    - AppCenter
    - Files
    - ReSwift
    - Sparkle
    - Starscream
    - Swifter
    - SwiftGui
    - Zip

SPEC CHECKSUMS:
  AppCenter: 51351e0121e40ba75e28ecb7de5c2e69d480df5e
  Files: d88e31b84d65e754935053b1c584ea8e2320698a
  ReSwift: 628f1a9b3ee52e3b3ca2a644435472fd77afafe1
  Sparkle: 128c668ddd0780beb08576ce18460d2a37f64f9f
  Starscream: 5178aed56b316f13fa3bc55694e583d35dd414d9
  Swifter: e71dd674404923d7f03ebb03f3f222d1c570bc8e
  SwiftGui: 081f72b4dabff4ffb9af254650ec8baa17ec1949
  Zip: 8877eede3dda76bcac281225c20e71c25270774c

PODFILE CHECKSUM: 87cf72e3243b2d531ec820ad25bb43df0b92e391

COCOAPODS: 1.11.3
